
Microsoft Visual Studio Solution File, Format Version 12.00
# Visual Studio Version 17
VisualStudioVersion = 17.6.33527.479
MinimumVisualStudioVersion = 10.0.40219.1
Project("{FAE04EC0-301F-11D3-BF4B-00C04F79EFBC}") = "ConsoleApp1", "ConsoleApp1\ConsoleApp1.csproj", "{E32DF69A-D74E-45E3-98C1-2972BABC9D2D}"
EndProject
Global
	GlobalSection(SolutionConfigurationPlatforms) = preSolution
		Debug|Any CPU = Debug|Any CPU
		Release|Any CPU = Release|Any CPU
	EndGlobalSection
	GlobalSection(ProjectConfigurationPlatforms) = postSolution
		{E32DF69A-D74E-45E3-98C1-2972BABC9D2D}.Debug|Any CPU.ActiveCfg = Debug|Any CPU
		{E32DF69A-D74E-45E3-98C1-2972BABC9D2D}.Debug|Any CPU.Build.0 = Debug|Any CPU
		{E32DF69A-D74E-45E3-98C1-2972BABC9D2D}.Release|Any CPU.ActiveCfg = Release|Any CPU
		{E32DF69A-D74E-45E3-98C1-2972BABC9D2D}.Release|Any CPU.Build.0 = Release|Any CPU
	EndGlobalSection
	GlobalSection(SolutionProperties) = preSolution
		HideSolutionNode = FALSE
	EndGlobalSection
	GlobalSection(ExtensibilityGlobals) = postSolution
		SolutionGuid = {1C08F4CE-060D-491C-90E2-5F3EAB2294D1}
	EndGlobalSection
EndGlobal
